
Microsoft Visual Studio Solution File, Format Version 12.00
# Visual Studio Version 16
VisualStudioVersion = 16.0.31205.134
MinimumVisualStudioVersion = 10.0.40219.1
Project("{FAE04EC0-301F-11D3-BF4B-00C04F79EFBC}") = "Entities", "Entities\Entities.csproj", "{E167D8B3-5A81-4C49-B865-E93D1B62F8B9}"
EndProject
Project("{FAE04EC0-301F-11D3-BF4B-00C04F79EFBC}") = "DataAccess", "DataAccess\DataAccess.csproj", "{31B5BCEE-E8F3-437B-88D1-44B676A159C0}"
EndProject
Project("{FAE04EC0-301F-11D3-BF4B-00C04F79EFBC}") = "Core", "Core\Core.csproj", "{9218AE71-7AB8-4AC4-8DF8-C6E6B9069822}"
EndProject
Project("{FAE04EC0-301F-11D3-BF4B-00C04F79EFBC}") = "Business", "Business\Business.csproj", "{DD40D47B-D7A2-4A03-BA83-466688881F74}"
EndProject
Project("{FAE04EC0-301F-11D3-BF4B-00C04F79EFBC}") = "WebAPI", "WebAPI\WebAPI.csproj", "{E8143CA8-5277-49CB-8D4A-4F464B3B5535}"
EndProject
Global
	GlobalSection(SolutionConfigurationPlatforms) = preSolution
		Debug|Any CPU = Debug|Any CPU
		Release|Any CPU = Release|Any CPU
	EndGlobalSection
	GlobalSection(ProjectConfigurationPlatforms) = postSolution
		{E167D8B3-5A81-4C49-B865-E93D1B62F8B9}.Debug|Any CPU.ActiveCfg = Debug|Any CPU
		{E167D8B3-5A81-4C49-B865-E93D1B62F8B9}.Debug|Any CPU.Build.0 = Debug|Any CPU
		{E167D8B3-5A81-4C49-B865-E93D1B62F8B9}.Release|Any CPU.ActiveCfg = Release|Any CPU
		{E167D8B3-5A81-4C49-B865-E93D1B62F8B9}.Release|Any CPU.Build.0 = Release|Any CPU
		{31B5BCEE-E8F3-437B-88D1-44B676A159C0}.Debug|Any CPU.ActiveCfg = Debug|Any CPU
		{31B5BCEE-E8F3-437B-88D1-44B676A159C0}.Debug|Any CPU.Build.0 = Debug|Any CPU
		{31B5BCEE-E8F3-437B-88D1-44B676A159C0}.Release|Any CPU.ActiveCfg = Release|Any CPU
		{31B5BCEE-E8F3-437B-88D1-44B676A159C0}.Release|Any CPU.Build.0 = Release|Any CPU
		{9218AE71-7AB8-4AC4-8DF8-C6E6B9069822}.Debug|Any CPU.ActiveCfg = Debug|Any CPU
		{9218AE71-7AB8-4AC4-8DF8-C6E6B9069822}.Debug|Any CPU.Build.0 = Debug|Any CPU
		{9218AE71-7AB8-4AC4-8DF8-C6E6B9069822}.Release|Any CPU.ActiveCfg = Release|Any CPU
		{9218AE71-7AB8-4AC4-8DF8-C6E6B9069822}.Release|Any CPU.Build.0 = Release|Any CPU
		{DD40D47B-D7A2-4A03-BA83-466688881F74}.Debug|Any CPU.ActiveCfg = Debug|Any CPU
		{DD40D47B-D7A2-4A03-BA83-466688881F74}.Debug|Any CPU.Build.0 = Debug|Any CPU
		{DD40D47B-D7A2-4A03-BA83-466688881F74}.Release|Any CPU.ActiveCfg = Release|Any CPU
		{DD40D47B-D7A2-4A03-BA83-466688881F74}.Release|Any CPU.Build.0 = Release|Any CPU
		{E8143CA8-5277-49CB-8D4A-4F464B3B5535}.Debug|Any CPU.ActiveCfg = Debug|Any CPU
		{E8143CA8-5277-49CB-8D4A-4F464B3B5535}.Debug|Any CPU.Build.0 = Debug|Any CPU
		{E8143CA8-5277-49CB-8D4A-4F464B3B5535}.Release|Any CPU.ActiveCfg = Release|Any CPU
		{E8143CA8-5277-49CB-8D4A-4F464B3B5535}.Release|Any CPU.Build.0 = Release|Any CPU
	EndGlobalSection
	GlobalSection(SolutionProperties) = preSolution
		HideSolutionNode = FALSE
	EndGlobalSection
	GlobalSection(ExtensibilityGlobals) = postSolution
		SolutionGuid = {85387FDD-E304-45EB-88A8-39C83288B8A7}
	EndGlobalSection
EndGlobal
